
Microsoft Visual Studio Solution File, Format Version 12.00
# Visual Studio Version 17
VisualStudioVersion = 17.7.34221.43
MinimumVisualStudioVersion = 10.0.40219.1
Project("{9A19103F-16F7-4668-BE54-9A1E7A4F7556}") = "Negacom", "Nega.com\Negacom.csproj", "{2D3A2121-BCF2-48EC-A4C0-EEF7825A9DDD}"
EndProject
Project("{9A19103F-16F7-4668-BE54-9A1E7A4F7556}") = "DAL", "DAL\DAL.csproj", "{BAAA9E70-3789-478A-929F-D9FE33C630E5}"
EndProject
Project("{9A19103F-16F7-4668-BE54-9A1E7A4F7556}") = "BE", "BE\BE.csproj", "{BBC7272A-7CD4-40FF-A463-5855F6DACC6E}"
EndProject
Project("{9A19103F-16F7-4668-BE54-9A1E7A4F7556}") = "BLL", "BLL\BLL.csproj", "{7ECC361F-A7FE-4E59-B3B6-1ADC2A225277}"
EndProject
Global
	GlobalSection(SolutionConfigurationPlatforms) = preSolution
		Debug|Any CPU = Debug|Any CPU
		Release|Any CPU = Release|Any CPU
	EndGlobalSection
	GlobalSection(ProjectConfigurationPlatforms) = postSolution
		{2D3A2121-BCF2-48EC-A4C0-EEF7825A9DDD}.Debug|Any CPU.ActiveCfg = Debug|Any CPU
		{2D3A2121-BCF2-48EC-A4C0-EEF7825A9DDD}.Debug|Any CPU.Build.0 = Debug|Any CPU
		{2D3A2121-BCF2-48EC-A4C0-EEF7825A9DDD}.Release|Any CPU.ActiveCfg = Release|Any CPU
		{2D3A2121-BCF2-48EC-A4C0-EEF7825A9DDD}.Release|Any CPU.Build.0 = Release|Any CPU
		{BAAA9E70-3789-478A-929F-D9FE33C630E5}.Debug|Any CPU.ActiveCfg = Debug|Any CPU
		{BAAA9E70-3789-478A-929F-D9FE33C630E5}.Debug|Any CPU.Build.0 = Debug|Any CPU
		{BAAA9E70-3789-478A-929F-D9FE33C630E5}.Release|Any CPU.ActiveCfg = Release|Any CPU
		{BAAA9E70-3789-478A-929F-D9FE33C630E5}.Release|Any CPU.Build.0 = Release|Any CPU
		{BBC7272A-7CD4-40FF-A463-5855F6DACC6E}.Debug|Any CPU.ActiveCfg = Debug|Any CPU
		{BBC7272A-7CD4-40FF-A463-5855F6DACC6E}.Debug|Any CPU.Build.0 = Debug|Any CPU
		{BBC7272A-7CD4-40FF-A463-5855F6DACC6E}.Release|Any CPU.ActiveCfg = Release|Any CPU
		{BBC7272A-7CD4-40FF-A463-5855F6DACC6E}.Release|Any CPU.Build.0 = Release|Any CPU
		{7ECC361F-A7FE-4E59-B3B6-1ADC2A225277}.Debug|Any CPU.ActiveCfg = Debug|Any CPU
		{7ECC361F-A7FE-4E59-B3B6-1ADC2A225277}.Debug|Any CPU.Build.0 = Debug|Any CPU
		{7ECC361F-A7FE-4E59-B3B6-1ADC2A225277}.Release|Any CPU.ActiveCfg = Release|Any CPU
		{7ECC361F-A7FE-4E59-B3B6-1ADC2A225277}.Release|Any CPU.Build.0 = Release|Any CPU
	EndGlobalSection
	GlobalSection(SolutionProperties) = preSolution
		HideSolutionNode = FALSE
	EndGlobalSection
	GlobalSection(ExtensibilityGlobals) = postSolution
		SolutionGuid = {CA07B756-A43E-4288-A105-899C77121114}
	EndGlobalSection
EndGlobal
